
Microsoft Visual Studio Solution File, Format Version 12.00
# Visual Studio Version 16
VisualStudioVersion = 16.0.32901.82
MinimumVisualStudioVersion = 10.0.40219.1
Project("{8BC9CEB8-8B4A-11D0-8D11-00A0C91BC942}") = "NewGame", "NewGame.vcxproj", "{121B8089-F263-49D2-8C94-BE3B3DAE5247}"
EndProject
Global
	GlobalSection(SolutionConfigurationPlatforms) = preSolution
		Debug|x64 = Debug|x64
		Debug|x86 = Debug|x86
		Release|x64 = Release|x64
		Release|x86 = Release|x86
	EndGlobalSection
	GlobalSection(ProjectConfigurationPlatforms) = postSolution
		{121B8089-F263-49D2-8C94-BE3B3DAE5247}.Debug|x64.ActiveCfg = Debug|x64
		{121B8089-F263-49D2-8C94-BE3B3DAE5247}.Debug|x64.Build.0 = Debug|x64
		{121B8089-F263-49D2-8C94-BE3B3DAE5247}.Debug|x86.ActiveCfg = Debug|Win32
		{121B8089-F263-49D2-8C94-BE3B3DAE5247}.Debug|x86.Build.0 = Debug|Win32
		{121B8089-F263-49D2-8C94-BE3B3DAE5247}.Release|x64.ActiveCfg = Release|x64
		{121B8089-F263-49D2-8C94-BE3B3DAE5247}.Release|x64.Build.0 = Release|x64
		{121B8089-F263-49D2-8C94-BE3B3DAE5247}.Release|x86.ActiveCfg = Release|Win32
		{121B8089-F263-49D2-8C94-BE3B3DAE5247}.Release|x86.Build.0 = Release|Win32
	EndGlobalSection
	GlobalSection(SolutionProperties) = preSolution
		HideSolutionNode = FALSE
	EndGlobalSection
	GlobalSection(ExtensibilityGlobals) = postSolution
		SolutionGuid = {5473C7AB-692B-4519-BA4A-D3F72371AACE}
	EndGlobalSection
EndGlobal
